
Microsoft Visual Studio Solution File, Format Version 12.00
# Visual Studio Version 17
VisualStudioVersion = 17.5.33424.131
MinimumVisualStudioVersion = 10.0.40219.1
Project("{FAE04EC0-301F-11D3-BF4B-00C04F79EFBC}") = "casino", "casino\casino.csproj", "{E97E7C9D-1CC4-4BE9-8BF7-95D3D2A13286}"
EndProject
Global
	GlobalSection(SolutionConfigurationPlatforms) = preSolution
		Debug|Any CPU = Debug|Any CPU
		Release|Any CPU = Release|Any CPU
	EndGlobalSection
	GlobalSection(ProjectConfigurationPlatforms) = postSolution
		{E97E7C9D-1CC4-4BE9-8BF7-95D3D2A13286}.Debug|Any CPU.ActiveCfg = Debug|Any CPU
		{E97E7C9D-1CC4-4BE9-8BF7-95D3D2A13286}.Debug|Any CPU.Build.0 = Debug|Any CPU
		{E97E7C9D-1CC4-4BE9-8BF7-95D3D2A13286}.Release|Any CPU.ActiveCfg = Release|Any CPU
		{E97E7C9D-1CC4-4BE9-8BF7-95D3D2A13286}.Release|Any CPU.Build.0 = Release|Any CPU
	EndGlobalSection
	GlobalSection(SolutionProperties) = preSolution
		HideSolutionNode = FALSE
	EndGlobalSection
	GlobalSection(ExtensibilityGlobals) = postSolution
		SolutionGuid = {F3948221-8D7F-4005-AAD7-4A4728754AA6}
	EndGlobalSection
EndGlobal
